
Microsoft Visual Studio Solution File, Format Version 12.00
# Visual Studio Version 16
VisualStudioVersion = 16.0.30114.105
MinimumVisualStudioVersion = 10.0.40219.1
Project("{FAE04EC0-301F-11D3-BF4B-00C04F79EFBC}") = "Sc.PdfProcessor", "Sc.PdfProcessor\Sc.PdfProcessor.csproj", "{89F2C76B-49B7-4E5E-B504-9BE438A62213}"
EndProject
Project("{FAE04EC0-301F-11D3-BF4B-00C04F79EFBC}") = "Sc.PdfProcessor.Test", "Sc.PdfProcessor.Test\Sc.PdfProcessor.Test.csproj", "{D1A31A1E-9E9F-47A6-B2DA-F6255831C141}"
EndProject
Global
	GlobalSection(SolutionConfigurationPlatforms) = preSolution
		Debug|Any CPU = Debug|Any CPU
		Release|Any CPU = Release|Any CPU
	EndGlobalSection
	GlobalSection(SolutionProperties) = preSolution
		HideSolutionNode = FALSE
	EndGlobalSection
	GlobalSection(ProjectConfigurationPlatforms) = postSolution
		{89F2C76B-49B7-4E5E-B504-9BE438A62213}.Debug|Any CPU.ActiveCfg = Debug|Any CPU
		{89F2C76B-49B7-4E5E-B504-9BE438A62213}.Debug|Any CPU.Build.0 = Debug|Any CPU
		{89F2C76B-49B7-4E5E-B504-9BE438A62213}.Release|Any CPU.ActiveCfg = Release|Any CPU
		{89F2C76B-49B7-4E5E-B504-9BE438A62213}.Release|Any CPU.Build.0 = Release|Any CPU
		{D1A31A1E-9E9F-47A6-B2DA-F6255831C141}.Debug|Any CPU.ActiveCfg = Debug|Any CPU
		{D1A31A1E-9E9F-47A6-B2DA-F6255831C141}.Debug|Any CPU.Build.0 = Debug|Any CPU
		{D1A31A1E-9E9F-47A6-B2DA-F6255831C141}.Release|Any CPU.ActiveCfg = Release|Any CPU
		{D1A31A1E-9E9F-47A6-B2DA-F6255831C141}.Release|Any CPU.Build.0 = Release|Any CPU
	EndGlobalSection
EndGlobal
